schema: '2.0'
stages:
  download:
    cmd: python -m src.download -t ./images
    deps:
    - path: ./src/download.py
      md5: e40c3fbb13a361a2441ce17d9014cdba
      size: 2330
    outs:
    - path: ./images
      md5: 8de533284a55e161a76f3017a18e1127.dir
      size: 11442
      nfiles: 6
  run_style_transfer@The_Scream.jpg:
    cmd: python -m src.run_style_transfer -p ./params.yaml -content ./images/Tuebingen_Neckarfront.jpg
      -style ./images/The_Scream.jpg -o ./results/generated_The_Scream.jpg -l ./results/losses_The_Scream.jpg.json
    deps:
    - path: ./images
      md5: 9976d8132ac755ca51d0838d8915c8e2.dir
      size: 661268
      nfiles: 6
    - path: ./src/losses.py
      md5: f22846dbbf425739dca1d83ebfdeda53
      size: 6448
    - path: ./src/model.py
      md5: 3e7dce6682488ed2dc2c521b8f92cd24
      size: 3304
    - path: ./src/run_style_transfer.py
      md5: 4fe3c994f480df60c08e68d477fa6c39
      size: 5399
    - path: ./src/transforms.py
      md5: a940905c193697b24de3c623f8131088
      size: 2546
    params:
      params.yaml:
        train.iterations: 10
        train.loss.beta: 10.0
        train.loss.normalize_gram_matrix: true
    outs:
    - path: ./results/generated_The_Scream.jpg
      md5: b378267dd9e137e87cc516cb6159bc78
      size: 14009
    - path: ./results/losses_The_Scream.jpg.json
      md5: 10d46b1da06cca884ea3583cddc45481
      size: 70629
  run_style_transfer@Starry_Night_Van_Gogh.jpg:
    cmd: python -m src.run_style_transfer -p ./params.yaml -content ./images/Tuebingen_Neckarfront_Andreas_Praefcke.jpg
      -style ./images/Starry_Night_Van_Gogh.jpg -o ./results/generated_Starry_Night_Van_Gogh.jpg
    deps:
    - path: ./images
      md5: 63a0c33915fd9f1050c9919cc1924330.dir
      size: 379517
      nfiles: 6
    - path: ./src/losses.py
      md5: 18ef3182c0c56719c969443da2a0ca75
      size: 3878
    - path: ./src/model.py
      md5: 9c1911dd7b3a2ab29eae60ed775586d4
      size: 2032
    - path: ./src/run_style_transfer.py
      md5: 3eb2ca1273275dbc83e7ce453b6a0394
      size: 5155
    - path: ./src/transforms.py
      md5: a940905c193697b24de3c623f8131088
      size: 2546
    outs:
    - path: ./results/generated_Starry_Night_Van_Gogh.jpg
      md5: 7ce36e70044620ab2082e2c63a3d4f5d
      size: 23418
  run_style_transfer@Pablo_Picasso_Figure_dans_un_Fauteuil.jpg:
    cmd: python -m src.run_style_transfer -p ./params.yaml -content ./images/Tuebingen_Neckarfront.jpg
      -style ./images/Pablo_Picasso_Figure_dans_un_Fauteuil.jpg -o ./results/generated_Pablo_Picasso_Figure_dans_un_Fauteuil.jpg
      -l ./results/losses_Pablo_Picasso_Figure_dans_un_Fauteuil.jpg.json
    deps:
    - path: ./images
      md5: 9976d8132ac755ca51d0838d8915c8e2.dir
      size: 661268
      nfiles: 6
    - path: ./src/losses.py
      md5: f22846dbbf425739dca1d83ebfdeda53
      size: 6448
    - path: ./src/model.py
      md5: 3e7dce6682488ed2dc2c521b8f92cd24
      size: 3304
    - path: ./src/run_style_transfer.py
      md5: 4fe3c994f480df60c08e68d477fa6c39
      size: 5399
    - path: ./src/transforms.py
      md5: a940905c193697b24de3c623f8131088
      size: 2546
    params:
      params.yaml:
        train.iterations: 10
        train.loss.beta: 10.0
        train.loss.normalize_gram_matrix: true
    outs:
    - path: ./results/generated_Pablo_Picasso_Figure_dans_un_Fauteuil.jpg
      md5: 1d8c90f12f5c1f5c8a5a4689b5c1e44f
      size: 10140
    - path: ./results/losses_Pablo_Picasso_Figure_dans_un_Fauteuil.jpg.json
      md5: 13355a06f4b1e103902dd344b5ee2d46
      size: 70798
  run_style_transfer@Vassily_Kandinsky_Composition_7.jpg:
    cmd: python -m src.run_style_transfer -p ./params.yaml -content ./images/Tuebingen_Neckarfront.jpg
      -style ./images/Vassily_Kandinsky_Composition_7.jpg -o ./results/generated_Vassily_Kandinsky_Composition_7.jpg
      -l ./results/losses_Vassily_Kandinsky_Composition_7.jpg.json
    deps:
    - path: ./images
      md5: 9976d8132ac755ca51d0838d8915c8e2.dir
      size: 661268
      nfiles: 6
    - path: ./src/losses.py
      md5: f22846dbbf425739dca1d83ebfdeda53
      size: 6448
    - path: ./src/model.py
      md5: 3e7dce6682488ed2dc2c521b8f92cd24
      size: 3304
    - path: ./src/run_style_transfer.py
      md5: 4fe3c994f480df60c08e68d477fa6c39
      size: 5399
    - path: ./src/transforms.py
      md5: a940905c193697b24de3c623f8131088
      size: 2546
    params:
      params.yaml:
        train.iterations: 10
        train.loss.beta: 10.0
        train.loss.normalize_gram_matrix: true
    outs:
    - path: ./results/generated_Vassily_Kandinsky_Composition_7.jpg
      md5: 8cade203f9e40d030ddb265cdcb95364
      size: 22237
    - path: ./results/losses_Vassily_Kandinsky_Composition_7.jpg.json
      md5: 34964dfdd6c338e70ef9c257e98ec1f6
      size: 70429
  run_style_transfer@Van_Gogh_Starry_Night.jpg:
    cmd: python -m src.run_style_transfer -p ./params.yaml -content ./images/Tuebingen_Neckarfront.jpg
      -style ./images/Van_Gogh_Starry_Night.jpg -o ./results/generated_Van_Gogh_Starry_Night.jpg
      -l ./results/losses_Van_Gogh_Starry_Night.jpg.json
    deps:
    - path: ./images
      md5: 9976d8132ac755ca51d0838d8915c8e2.dir
      size: 661268
      nfiles: 6
    - path: ./src/losses.py
      md5: f22846dbbf425739dca1d83ebfdeda53
      size: 6448
    - path: ./src/model.py
      md5: 3e7dce6682488ed2dc2c521b8f92cd24
      size: 3304
    - path: ./src/run_style_transfer.py
      md5: 4fe3c994f480df60c08e68d477fa6c39
      size: 5399
    - path: ./src/transforms.py
      md5: a940905c193697b24de3c623f8131088
      size: 2546
    params:
      params.yaml:
        train.iterations: 10
        train.loss.beta: 10.0
        train.loss.normalize_gram_matrix: true
    outs:
    - path: ./results/generated_Van_Gogh_Starry_Night.jpg
      md5: c93d1a26dfe4a4b590c783da1eac03c3
      size: 17999
    - path: ./results/losses_Van_Gogh_Starry_Night.jpg.json
      md5: 6425c7a597f185022b819323a633898f
      size: 71161
  run_style_transfer@Shipwreck_of_the_Minotaur_William_Turner.jpg:
    cmd: python -m src.run_style_transfer -p ./params.yaml -content ./images/Tuebingen_Neckarfront.jpg
      -style ./images/Shipwreck_of_the_Minotaur_William_Turner.jpg -o ./results/generated_Shipwreck_of_the_Minotaur_William_Turner.jpg
      -l ./results/losses_Shipwreck_of_the_Minotaur_William_Turner.jpg.json
    deps:
    - path: ./images
      md5: 9976d8132ac755ca51d0838d8915c8e2.dir
      size: 661268
      nfiles: 6
    - path: ./src/losses.py
      md5: f22846dbbf425739dca1d83ebfdeda53
      size: 6448
    - path: ./src/model.py
      md5: 3e7dce6682488ed2dc2c521b8f92cd24
      size: 3304
    - path: ./src/run_style_transfer.py
      md5: 4fe3c994f480df60c08e68d477fa6c39
      size: 5399
    - path: ./src/transforms.py
      md5: a940905c193697b24de3c623f8131088
      size: 2546
    params:
      params.yaml:
        train.iterations: 10
        train.loss.beta: 10.0
        train.loss.normalize_gram_matrix: true
    outs:
    - path: ./results/generated_Shipwreck_of_the_Minotaur_William_Turner.jpg
      md5: 352e10e42a06c3790ce497d50c339321
      size: 10073
    - path: ./results/losses_Shipwreck_of_the_Minotaur_William_Turner.jpg.json
      md5: e9f90f6d72acafaaea8d8aa44cc816ee
      size: 71028
  plot_result_images:
    cmd: python -m src.plot_images -i ./results/generated_The_Scream.jpg -i ./results/generated_Van_Gogh_Starry_Night.jpg
      -i ./results/generated_Shipwreck_of_the_Minotaur_William_Turner.jpg -i ./results/generated_Pablo_Picasso_Figure_dans_un_Fauteuil.jpg
      -i ./results/generated_Vassily_Kandinsky_Composition_7.jpg -o ./results/style_transfer_results.jpg
      -t "beta=10."
    deps:
    - path: ./results/generated_Pablo_Picasso_Figure_dans_un_Fauteuil.jpg
      md5: 1d8c90f12f5c1f5c8a5a4689b5c1e44f
      size: 10140
    - path: ./results/generated_Shipwreck_of_the_Minotaur_William_Turner.jpg
      md5: 352e10e42a06c3790ce497d50c339321
      size: 10073
    - path: ./results/generated_The_Scream.jpg
      md5: b378267dd9e137e87cc516cb6159bc78
      size: 14009
    - path: ./results/generated_Van_Gogh_Starry_Night.jpg
      md5: c93d1a26dfe4a4b590c783da1eac03c3
      size: 17999
    - path: ./results/generated_Vassily_Kandinsky_Composition_7.jpg
      md5: 8cade203f9e40d030ddb265cdcb95364
      size: 22237
    - path: ./src/plot_images.py
      md5: ecd647068f190e031779a5dd26429d23
      size: 925
    outs:
    - path: ./results/style_transfer_results.jpg
      md5: 15a6389988b088a36e10cb38af2c1ec2
      size: 240438
